
Microsoft Visual Studio Solution File, Format Version 12.00
# Visual Studio Version 17
VisualStudioVersion = 17.1.32421.90
MinimumVisualStudioVersion = 10.0.40219.1
Project("{FAE04EC0-301F-11D3-BF4B-00C04F79EFBC}") = "App1.Android", "App1.Android\App1.Android.csproj", "{3A15CC96-D720-405D-AF22-ED03823EDE4B}"
EndProject
Project("{FAE04EC0-301F-11D3-BF4B-00C04F79EFBC}") = "App1.iOS", "App1.iOS\App1.iOS.csproj", "{41484E18-ECE2-4936-8D2B-3BA592EEA93E}"
EndProject
Project("{FAE04EC0-301F-11D3-BF4B-00C04F79EFBC}") = "App1", "App1\App1.csproj", "{9A613464-9D5D-4869-9064-07F87928F0D8}"
EndProject
Global
	GlobalSection(SolutionConfigurationPlatforms) = preSolution
		Debug|Any CPU = Debug|Any CPU
		Debug|iPhone = Debug|iPhone
		Debug|iPhoneSimulator = Debug|iPhoneSimulator
		Release|Any CPU = Release|Any CPU
		Release|iPhone = Release|iPhone
		Release|iPhoneSimulator = Release|iPhoneSimulator
	EndGlobalSection
	GlobalSection(ProjectConfigurationPlatforms) = postSolution
		{3A15CC96-D720-405D-AF22-ED03823EDE4B}.Debug|Any CPU.ActiveCfg = Debug|Any CPU
		{3A15CC96-D720-405D-AF22-ED03823EDE4B}.Debug|Any CPU.Build.0 = Debug|Any CPU
		{3A15CC96-D720-405D-AF22-ED03823EDE4B}.Debug|Any CPU.Deploy.0 = Debug|Any CPU
		{3A15CC96-D720-405D-AF22-ED03823EDE4B}.Debug|iPhone.ActiveCfg = Debug|Any CPU
		{3A15CC96-D720-405D-AF22-ED03823EDE4B}.Debug|iPhone.Build.0 = Debug|Any CPU
		{3A15CC96-D720-405D-AF22-ED03823EDE4B}.Debug|iPhone.Deploy.0 = Debug|Any CPU
		{3A15CC96-D720-405D-AF22-ED03823EDE4B}.Debug|iPhoneSimulator.ActiveCfg = Debug|Any CPU
		{3A15CC96-D720-405D-AF22-ED03823EDE4B}.Debug|iPhoneSimulator.Build.0 = Debug|Any CPU
		{3A15CC96-D720-405D-AF22-ED03823EDE4B}.Debug|iPhoneSimulator.Deploy.0 = Debug|Any CPU
		{3A15CC96-D720-405D-AF22-ED03823EDE4B}.Release|Any CPU.ActiveCfg = Release|Any CPU
		{3A15CC96-D720-405D-AF22-ED03823EDE4B}.Release|Any CPU.Build.0 = Release|Any CPU
		{3A15CC96-D720-405D-AF22-ED03823EDE4B}.Release|Any CPU.Deploy.0 = Release|Any CPU
		{3A15CC96-D720-405D-AF22-ED03823EDE4B}.Release|iPhone.ActiveCfg = Release|Any CPU
		{3A15CC96-D720-405D-AF22-ED03823EDE4B}.Release|iPhone.Build.0 = Release|Any CPU
		{3A15CC96-D720-405D-AF22-ED03823EDE4B}.Release|iPhone.Deploy.0 = Release|Any CPU
		{3A15CC96-D720-405D-AF22-ED03823EDE4B}.Release|iPhoneSimulator.ActiveCfg = Release|Any CPU
		{3A15CC96-D720-405D-AF22-ED03823EDE4B}.Release|iPhoneSimulator.Build.0 = Release|Any CPU
		{3A15CC96-D720-405D-AF22-ED03823EDE4B}.Release|iPhoneSimulator.Deploy.0 = Release|Any CPU
		{41484E18-ECE2-4936-8D2B-3BA592EEA93E}.Debug|Any CPU.ActiveCfg = Debug|iPhone
		{41484E18-ECE2-4936-8D2B-3BA592EEA93E}.Debug|Any CPU.Build.0 = Debug|iPhone
		{41484E18-ECE2-4936-8D2B-3BA592EEA93E}.Debug|Any CPU.Deploy.0 = Debug|iPhone
		{41484E18-ECE2-4936-8D2B-3BA592EEA93E}.Debug|iPhone.ActiveCfg = Debug|iPhone
		{41484E18-ECE2-4936-8D2B-3BA592EEA93E}.Debug|iPhone.Build.0 = Debug|iPhone
		{41484E18-ECE2-4936-8D2B-3BA592EEA93E}.Debug|iPhone.Deploy.0 = Debug|iPhone
		{41484E18-ECE2-4936-8D2B-3BA592EEA93E}.Debug|iPhoneSimulator.ActiveCfg = Debug|iPhoneSimulator
		{41484E18-ECE2-4936-8D2B-3BA592EEA93E}.Debug|iPhoneSimulator.Build.0 = Debug|iPhoneSimulator
		{41484E18-ECE2-4936-8D2B-3BA592EEA93E}.Debug|iPhoneSimulator.Deploy.0 = Debug|iPhoneSimulator
		{41484E18-ECE2-4936-8D2B-3BA592EEA93E}.Release|Any CPU.ActiveCfg = Release|iPhoneSimulator
		{41484E18-ECE2-4936-8D2B-3BA592EEA93E}.Release|Any CPU.Build.0 = Release|iPhoneSimulator
		{41484E18-ECE2-4936-8D2B-3BA592EEA93E}.Release|Any CPU.Deploy.0 = Release|iPhoneSimulator
		{41484E18-ECE2-4936-8D2B-3BA592EEA93E}.Release|iPhone.ActiveCfg = Release|iPhone
		{41484E18-ECE2-4936-8D2B-3BA592EEA93E}.Release|iPhone.Build.0 = Release|iPhone
		{41484E18-ECE2-4936-8D2B-3BA592EEA93E}.Release|iPhone.Deploy.0 = Release|iPhone
		{41484E18-ECE2-4936-8D2B-3BA592EEA93E}.Release|iPhoneSimulator.ActiveCfg = Release|iPhoneSimulator
		{41484E18-ECE2-4936-8D2B-3BA592EEA93E}.Release|iPhoneSimulator.Build.0 = Release|iPhoneSimulator
		{41484E18-ECE2-4936-8D2B-3BA592EEA93E}.Release|iPhoneSimulator.Deploy.0 = Release|iPhoneSimulator
		{9A613464-9D5D-4869-9064-07F87928F0D8}.Debug|Any CPU.ActiveCfg = Debug|Any CPU
		{9A613464-9D5D-4869-9064-07F87928F0D8}.Debug|Any CPU.Build.0 = Debug|Any CPU
		{9A613464-9D5D-4869-9064-07F87928F0D8}.Debug|Any CPU.Deploy.0 = Debug|Any CPU
		{9A613464-9D5D-4869-9064-07F87928F0D8}.Debug|iPhone.ActiveCfg = Debug|Any CPU
		{9A613464-9D5D-4869-9064-07F87928F0D8}.Debug|iPhone.Build.0 = Debug|Any CPU
		{9A613464-9D5D-4869-9064-07F87928F0D8}.Debug|iPhone.Deploy.0 = Debug|Any CPU
		{9A613464-9D5D-4869-9064-07F87928F0D8}.Debug|iPhoneSimulator.ActiveCfg = Debug|Any CPU
		{9A613464-9D5D-4869-9064-07F87928F0D8}.Debug|iPhoneSimulator.Build.0 = Debug|Any CPU
		{9A613464-9D5D-4869-9064-07F87928F0D8}.Debug|iPhoneSimulator.Deploy.0 = Debug|Any CPU
		{9A613464-9D5D-4869-9064-07F87928F0D8}.Release|Any CPU.ActiveCfg = Release|Any CPU
		{9A613464-9D5D-4869-9064-07F87928F0D8}.Release|Any CPU.Build.0 = Release|Any CPU
		{9A613464-9D5D-4869-9064-07F87928F0D8}.Release|Any CPU.Deploy.0 = Release|Any CPU
		{9A613464-9D5D-4869-9064-07F87928F0D8}.Release|iPhone.ActiveCfg = Release|Any CPU
		{9A613464-9D5D-4869-9064-07F87928F0D8}.Release|iPhone.Build.0 = Release|Any CPU
		{9A613464-9D5D-4869-9064-07F87928F0D8}.Release|iPhone.Deploy.0 = Release|Any CPU
		{9A613464-9D5D-4869-9064-07F87928F0D8}.Release|iPhoneSimulator.ActiveCfg = Release|Any CPU
		{9A613464-9D5D-4869-9064-07F87928F0D8}.Release|iPhoneSimulator.Build.0 = Release|Any CPU
		{9A613464-9D5D-4869-9064-07F87928F0D8}.Release|iPhoneSimulator.Deploy.0 = Release|Any CPU
	EndGlobalSection
	GlobalSection(SolutionProperties) = preSolution
		HideSolutionNode = FALSE
	EndGlobalSection
	GlobalSection(ExtensibilityGlobals) = postSolution
		SolutionGuid = {C14AB33E-1AD1-46FD-BEAA-654D9A947625}
	EndGlobalSection
EndGlobal
